
Microsoft Visual Studio Solution File, Format Version 12.00
# Visual Studio 15
VisualStudioVersion = 15.0.28010.2019
MinimumVisualStudioVersion = 10.0.40219.1
Project("{FAE04EC0-301F-11D3-BF4B-00C04F79EFBC}") = "Popol", "Popol\Popol.csproj", "{F4845421-6D6D-4C5C-BF24-366AF75B9397}"
EndProject
Global
	GlobalSection(SolutionConfigurationPlatforms) = preSolution
		Debug|Any CPU = Debug|Any CPU
		Release|Any CPU = Release|Any CPU
	EndGlobalSection
	GlobalSection(ProjectConfigurationPlatforms) = postSolution
		{F4845421-6D6D-4C5C-BF24-366AF75B9397}.Debug|Any CPU.ActiveCfg = Debug|Any CPU
		{F4845421-6D6D-4C5C-BF24-366AF75B9397}.Debug|Any CPU.Build.0 = Debug|Any CPU
		{F4845421-6D6D-4C5C-BF24-366AF75B9397}.Release|Any CPU.ActiveCfg = Release|Any CPU
		{F4845421-6D6D-4C5C-BF24-366AF75B9397}.Release|Any CPU.Build.0 = Release|Any CPU
	EndGlobalSection
	GlobalSection(SolutionProperties) = preSolution
		HideSolutionNode = FALSE
	EndGlobalSection
	GlobalSection(ExtensibilityGlobals) = postSolution
		SolutionGuid = {3F578846-EBF1-432D-AB8C-AD4F1EFE8A5B}
	EndGlobalSection
EndGlobal
